
Microsoft Visual Studio Solution File, Format Version 12.00
# Visual Studio 15
VisualStudioVersion = 15.0.27130.2010
MinimumVisualStudioVersion = 10.0.40219.1
Project("{FAE04EC0-301F-11D3-BF4B-00C04F79EFBC}") = "VirtualPet", "VirtualPet\VirtualPet.csproj", "{1AF6867E-D0F4-401A-9B6A-6EB6A40ADDA4}"
EndProject
Global
	GlobalSection(SolutionConfigurationPlatforms) = preSolution
		Debug|Any CPU = Debug|Any CPU
		Release|Any CPU = Release|Any CPU
	EndGlobalSection
	GlobalSection(ProjectConfigurationPlatforms) = postSolution
		{1AF6867E-D0F4-401A-9B6A-6EB6A40ADDA4}.Debug|Any CPU.ActiveCfg = Debug|Any CPU
		{1AF6867E-D0F4-401A-9B6A-6EB6A40ADDA4}.Debug|Any CPU.Build.0 = Debug|Any CPU
		{1AF6867E-D0F4-401A-9B6A-6EB6A40ADDA4}.Release|Any CPU.ActiveCfg = Release|Any CPU
		{1AF6867E-D0F4-401A-9B6A-6EB6A40ADDA4}.Release|Any CPU.Build.0 = Release|Any CPU
	EndGlobalSection
	GlobalSection(SolutionProperties) = preSolution
		HideSolutionNode = FALSE
	EndGlobalSection
	GlobalSection(ExtensibilityGlobals) = postSolution
		SolutionGuid = {60AAEEC6-1DCB-4D62-80E0-A94772EB3FA1}
	EndGlobalSection
EndGlobal
